// !$*UTF8*$!
{
	archiveVersion = 1;
	classes = {
	};
	objectVersion = 56;
	objects = {

/* Begin PBXBuildFile section */
		B016B85729DDF1F7000B657E /* Reachability in Frameworks */ = {isa = PBXBuildFile; productRef = B016B85629DDF1F7000B657E /* Reachability */; };
		B016B85929DDF304000B657E /* NetworkCheck.swift in Sources */ = {isa = PBXBuildFile; fileRef = B016B85829DDF304000B657E /* NetworkCheck.swift */; };
		B0227D9C29BE1A350024F775 /* AppDelegate.swift in Sources */ = {isa = PBXBuildFile; fileRef = B0227D9B29BE1A350024F775 /* AppDelegate.swift */; };
		B0227D9E29BE1A350024F775 /* SceneDelegate.swift in Sources */ = {isa = PBXBuildFile; fileRef = B0227D9D29BE1A350024F775 /* SceneDelegate.swift */; };
		B0227DA029BE1A350024F775 /* ViewController.swift in Sources */ = {isa = PBXBuildFile; fileRef = B0227D9F29BE1A350024F775 /* ViewController.swift */; };
		B0227DA329BE1A350024F775 /* Main.storyboard in Resources */ = {isa = PBXBuildFile; fileRef = B0227DA129BE1A350024F775 /* Main.storyboard */; };
		B0227DA529BE1A350024F775 /* Assets.xcassets in Resources */ = {isa = PBXBuildFile; fileRef = B0227DA429BE1A350024F775 /* Assets.xcassets */; };
		B0227DA829BE1A350024F775 /* LaunchScreen.storyboard in Resources */ = {isa = PBXBuildFile; fileRef = B0227DA629BE1A350024F775 /* LaunchScreen.storyboard */; };
		B0227DB029BE1B330024F775 /* Racing.swift in Sources */ = {isa = PBXBuildFile; fileRef = B0227DAF29BE1B330024F775 /* Racing.swift */; };
		B0227DB229BE1D080024F775 /* Utils.swift in Sources */ = {isa = PBXBuildFile; fileRef = B0227DB129BE1D080024F775 /* Utils.swift */; };
		B0227DB429BE250C0024F775 /* fonts in Resources */ = {isa = PBXBuildFile; fileRef = B0227DB329BE250C0024F775 /* fonts */; };
		B0227DB629BE3DDA0024F775 /* Extensions.swift in Sources */ = {isa = PBXBuildFile; fileRef = B0227DB529BE3DDA0024F775 /* Extensions.swift */; };
		B0281DB529C35B40008317E2 /* images in Resources */ = {isa = PBXBuildFile; fileRef = B0281DB429C35B40008317E2 /* images */; };
		B0488A0629CA38F6007F576C /* GeneralComponents.swift in Sources */ = {isa = PBXBuildFile; fileRef = B0488A0529CA38F6007F576C /* GeneralComponents.swift */; };
		B0488A0829CA4786007F576C /* Menu.swift in Sources */ = {isa = PBXBuildFile; fileRef = B0488A0729CA4786007F576C /* Menu.swift */; };
		B0488A0A29CA4DD0007F576C /* Introduction.swift in Sources */ = {isa = PBXBuildFile; fileRef = B0488A0929CA4DD0007F576C /* Introduction.swift */; };
		B0488A0F29CA5540007F576C /* Insights.swift in Sources */ = {isa = PBXBuildFile; fileRef = B0488A0E29CA5540007F576C /* Insights.swift */; };
		B0791DED29EDB70900993985 /* Gif.swift in Sources */ = {isa = PBXBuildFile; fileRef = B0791DEC29EDB70900993985 /* Gif.swift */; };
		B079B7AE29D5F3FA007501FE /* User.swift in Sources */ = {isa = PBXBuildFile; fileRef = B079B7AD29D5F3FA007501FE /* User.swift */; };
		B079B7B029D5F683007501FE /* UserClient.swift in Sources */ = {isa = PBXBuildFile; fileRef = B079B7AF29D5F683007501FE /* UserClient.swift */; };
		B079B7B229D5F69A007501FE /* BaseClient.swift in Sources */ = {isa = PBXBuildFile; fileRef = B079B7B129D5F69A007501FE /* BaseClient.swift */; };
		B079B7B429D5F6C5007501FE /* RaceClient.swift in Sources */ = {isa = PBXBuildFile; fileRef = B079B7B329D5F6C5007501FE /* RaceClient.swift */; };
		B0D37A9C29DD5C3200DF37FC /* Social.swift in Sources */ = {isa = PBXBuildFile; fileRef = B0D37A9B29DD5C3200DF37FC /* Social.swift */; };
		B0D37A9E29DD5C3B00DF37FC /* SocialClient.swift in Sources */ = {isa = PBXBuildFile; fileRef = B0D37A9D29DD5C3B00DF37FC /* SocialClient.swift */; };
		B0E713C729D461E00084F978 /* Informer.swift in Sources */ = {isa = PBXBuildFile; fileRef = B0E713C629D461E00084F978 /* Informer.swift */; };
/* End PBXBuildFile section */

/* Begin PBXFileReference section */
		B016B85829DDF304000B657E /* NetworkCheck.swift */ = {isa = PBXFileReference; lastKnownFileType = sourcecode.swift; path = NetworkCheck.swift; sourceTree = "<group>"; };
		B0227D9829BE1A350024F775 /* WhatBikesWin.app */ = {isa = PBXFileReference; explicitFileType = wrapper.application; includeInIndex = 0; path = WhatBikesWin.app; sourceTree = BUILT_PRODUCTS_DIR; };
		B0227D9B29BE1A350024F775 /* AppDelegate.swift */ = {isa = PBXFileReference; lastKnownFileType = sourcecode.swift; path = AppDelegate.swift; sourceTree = "<group>"; };
		B0227D9D29BE1A350024F775 /* SceneDelegate.swift */ = {isa = PBXFileReference; lastKnownFileType = sourcecode.swift; path = SceneDelegate.swift; sourceTree = "<group>"; };
		B0227D9F29BE1A350024F775 /* ViewController.swift */ = {isa = PBXFileReference; lastKnownFileType = sourcecode.swift; path = ViewController.swift; sourceTree = "<group>"; };
		B0227DA229BE1A350024F775 /* Base */ = {isa = PBXFileReference; lastKnownFileType = file.storyboard; name = Base; path = Base.lproj/Main.storyboard; sourceTree = "<group>"; };
		B0227DA429BE1A350024F775 /* Assets.xcassets */ = {isa = PBXFileReference; lastKnownFileType = folder.assetcatalog; path = Assets.xcassets; sourceTree = "<group>"; };
		B0227DA729BE1A350024F775 /* Base */ = {isa = PBXFileReference; lastKnownFileType = file.storyboard; name = Base; path = Base.lproj/LaunchScreen.storyboard; sourceTree = "<group>"; };
		B0227DA929BE1A350024F775 /* Info.plist */ = {isa = PBXFileReference; lastKnownFileType = text.plist.xml; path = Info.plist; sourceTree = "<group>"; };
		B0227DAF29BE1B330024F775 /* Racing.swift */ = {isa = PBXFileReference; lastKnownFileType = sourcecode.swift; path = Racing.swift; sourceTree = "<group>"; };
		B0227DB129BE1D080024F775 /* Utils.swift */ = {isa = PBXFileReference; lastKnownFileType = sourcecode.swift; path = Utils.swift; sourceTree = "<group>"; };
		B0227DB329BE250C0024F775 /* fonts */ = {isa = PBXFileReference; lastKnownFileType = folder; path = fonts; sourceTree = "<group>"; };
		B0227DB529BE3DDA0024F775 /* Extensions.swift */ = {isa = PBXFileReference; lastKnownFileType = sourcecode.swift; path = Extensions.swift; sourceTree = "<group>"; };
		B0281DB429C35B40008317E2 /* images */ = {isa = PBXFileReference; lastKnownFileType = folder; path = images; sourceTree = "<group>"; };
		B0488A0529CA38F6007F576C /* GeneralComponents.swift */ = {isa = PBXFileReference; lastKnownFileType = sourcecode.swift; path = GeneralComponents.swift; sourceTree = "<group>"; };
		B0488A0729CA4786007F576C /* Menu.swift */ = {isa = PBXFileReference; lastKnownFileType = sourcecode.swift; path = Menu.swift; sourceTree = "<group>"; };
		B0488A0929CA4DD0007F576C /* Introduction.swift */ = {isa = PBXFileReference; lastKnownFileType = sourcecode.swift; path = Introduction.swift; sourceTree = "<group>"; };
		B0488A0E29CA5540007F576C /* Insights.swift */ = {isa = PBXFileReference; lastKnownFileType = sourcecode.swift; path = Insights.swift; sourceTree = "<group>"; };
		B0791DEC29EDB70900993985 /* Gif.swift */ = {isa = PBXFileReference; lastKnownFileType = sourcecode.swift; path = Gif.swift; sourceTree = "<group>"; };
		B079B7AD29D5F3FA007501FE /* User.swift */ = {isa = PBXFileReference; lastKnownFileType = sourcecode.swift; path = User.swift; sourceTree = "<group>"; };
		B079B7AF29D5F683007501FE /* UserClient.swift */ = {isa = PBXFileReference; lastKnownFileType = sourcecode.swift; path = UserClient.swift; sourceTree = "<group>"; };
		B079B7B129D5F69A007501FE /* BaseClient.swift */ = {isa = PBXFileReference; lastKnownFileType = sourcecode.swift; path = BaseClient.swift; sourceTree = "<group>"; };
		B079B7B329D5F6C5007501FE /* RaceClient.swift */ = {isa = PBXFileReference; lastKnownFileType = sourcecode.swift; path = RaceClient.swift; sourceTree = "<group>"; };
		B0D37A9B29DD5C3200DF37FC /* Social.swift */ = {isa = PBXFileReference; lastKnownFileType = sourcecode.swift; path = Social.swift; sourceTree = "<group>"; };
		B0D37A9D29DD5C3B00DF37FC /* SocialClient.swift */ = {isa = PBXFileReference; lastKnownFileType = sourcecode.swift; path = SocialClient.swift; sourceTree = "<group>"; };
		B0E713C629D461E00084F978 /* Informer.swift */ = {isa = PBXFileReference; lastKnownFileType = sourcecode.swift; path = Informer.swift; sourceTree = "<group>"; };
/* End PBXFileReference section */

/* Begin PBXFrameworksBuildPhase section */
		B0227D9529BE1A350024F775 /* Frameworks */ = {
			isa = PBXFrameworksBuildPhase;
			buildActionMask = 2147483647;
			files = (
				B016B85729DDF1F7000B657E /* Reachability in Frameworks */,
			);
			runOnlyForDeploymentPostprocessing = 0;
		};
/* End PBXFrameworksBuildPhase section */

/* Begin PBXGroup section */
		B0227D8F29BE1A350024F775 = {
			isa = PBXGroup;
			children = (
				B0227D9A29BE1A350024F775 /* moto-ios */,
				B0227D9929BE1A350024F775 /* Products */,
			);
			sourceTree = "<group>";
		};
		B0227D9929BE1A350024F775 /* Products */ = {
			isa = PBXGroup;
			children = (
				B0227D9829BE1A350024F775 /* WhatBikesWin.app */,
			);
			name = Products;
			sourceTree = "<group>";
		};
		B0227D9A29BE1A350024F775 /* moto-ios */ = {
			isa = PBXGroup;
			children = (
				B0488A0D29CA5483007F576C /* Apis */,
				B0488A0B29CA544C007F576C /* Managers */,
				B0227D9B29BE1A350024F775 /* AppDelegate.swift */,
				B0227DB529BE3DDA0024F775 /* Extensions.swift */,
				B0227D9D29BE1A350024F775 /* SceneDelegate.swift */,
				B0791DEC29EDB70900993985 /* Gif.swift */,
				B0227DB129BE1D080024F775 /* Utils.swift */,
				B0488A0529CA38F6007F576C /* GeneralComponents.swift */,
				B0227D9F29BE1A350024F775 /* ViewController.swift */,
				B0227DA129BE1A350024F775 /* Main.storyboard */,
				B0227DB329BE250C0024F775 /* fonts */,
				B0281DB429C35B40008317E2 /* images */,
				B0227DA429BE1A350024F775 /* Assets.xcassets */,
				B0227DA629BE1A350024F775 /* LaunchScreen.storyboard */,
				B0227DA929BE1A350024F775 /* Info.plist */,
			);
			path = "moto-ios";
			sourceTree = "<group>";
		};
		B0488A0B29CA544C007F576C /* Managers */ = {
			isa = PBXGroup;
			children = (
				B0227DAF29BE1B330024F775 /* Racing.swift */,
				B0488A0929CA4DD0007F576C /* Introduction.swift */,
				B0488A0729CA4786007F576C /* Menu.swift */,
				B0488A0E29CA5540007F576C /* Insights.swift */,
				B0E713C629D461E00084F978 /* Informer.swift */,
				B079B7AD29D5F3FA007501FE /* User.swift */,
				B0D37A9B29DD5C3200DF37FC /* Social.swift */,
				B016B85829DDF304000B657E /* NetworkCheck.swift */,
			);
			path = Managers;
			sourceTree = "<group>";
		};
		B0488A0D29CA5483007F576C /* Apis */ = {
			isa = PBXGroup;
			children = (
				B079B7AF29D5F683007501FE /* UserClient.swift */,
				B079B7B129D5F69A007501FE /* BaseClient.swift */,
				B079B7B329D5F6C5007501FE /* RaceClient.swift */,
				B0D37A9D29DD5C3B00DF37FC /* SocialClient.swift */,
			);
			path = Apis;
			sourceTree = "<group>";
		};
/* End PBXGroup section */

/* Begin PBXNativeTarget section */
		B0227D9729BE1A350024F775 /* WhatBikesWin */ = {
			isa = PBXNativeTarget;
			buildConfigurationList = B0227DAC29BE1A350024F775 /* Build configuration list for PBXNativeTarget "WhatBikesWin" */;
			buildPhases = (
				B0227D9429BE1A350024F775 /* Sources */,
				B0227D9529BE1A350024F775 /* Frameworks */,
				B0227D9629BE1A350024F775 /* Resources */,
			);
			buildRules = (
			);
			dependencies = (
			);
			name = WhatBikesWin;
			packageProductDependencies = (
				B016B85629DDF1F7000B657E /* Reachability */,
			);
			productName = "moto-ios";
			productReference = B0227D9829BE1A350024F775 /* WhatBikesWin.app */;
			productType = "com.apple.product-type.application";
		};
/* End PBXNativeTarget section */

/* Begin PBXProject section */
		B0227D9029BE1A350024F775 /* Project object */ = {
			isa = PBXProject;
			attributes = {
				BuildIndependentTargetsInParallel = 1;
				LastSwiftUpdateCheck = 1420;
				LastUpgradeCheck = 1420;
				TargetAttributes = {
					B0227D9729BE1A350024F775 = {
						CreatedOnToolsVersion = 14.2;
					};
				};
			};
			buildConfigurationList = B0227D9329BE1A350024F775 /* Build configuration list for PBXProject "WhatBikesWin" */;
			compatibilityVersion = "Xcode 14.0";
			developmentRegion = en;
			hasScannedForEncodings = 0;
			knownRegions = (
				en,
				Base,
			);
			mainGroup = B0227D8F29BE1A350024F775;
			packageReferences = (
				B016B85529DDF1F7000B657E /* XCRemoteSwiftPackageReference "Reachability" */,
			);
			productRefGroup = B0227D9929BE1A350024F775 /* Products */;
			projectDirPath = "";
			projectRoot = "";
			targets = (
				B0227D9729BE1A350024F775 /* WhatBikesWin */,
			);
		};
/* End PBXProject section */

/* Begin PBXResourcesBuildPhase section */
		B0227D9629BE1A350024F775 /* Resources */ = {
			isa = PBXResourcesBuildPhase;
			buildActionMask = 2147483647;
			files = (
				B0281DB529C35B40008317E2 /* images in Resources */,
				B0227DA829BE1A350024F775 /* LaunchScreen.storyboard in Resources */,
				B0227DA529BE1A350024F775 /* Assets.xcassets in Resources */,
				B0227DA329BE1A350024F775 /* Main.storyboard in Resources */,
				B0227DB429BE250C0024F775 /* fonts in Resources */,
			);
			runOnlyForDeploymentPostprocessing = 0;
		};
/* End PBXResourcesBuildPhase section */

/* Begin PBXSourcesBuildPhase section */
		B0227D9429BE1A350024F775 /* Sources */ = {
			isa = PBXSourcesBuildPhase;
			buildActionMask = 2147483647;
			files = (
				B079B7AE29D5F3FA007501FE /* User.swift in Sources */,
				B079B7B229D5F69A007501FE /* BaseClient.swift in Sources */,
				B0D37A9C29DD5C3200DF37FC /* Social.swift in Sources */,
				B079B7B429D5F6C5007501FE /* RaceClient.swift in Sources */,
				B0227DB229BE1D080024F775 /* Utils.swift in Sources */,
				B0D37A9E29DD5C3B00DF37FC /* SocialClient.swift in Sources */,
				B0488A0A29CA4DD0007F576C /* Introduction.swift in Sources */,
				B0227DB629BE3DDA0024F775 /* Extensions.swift in Sources */,
				B0227DA029BE1A350024F775 /* ViewController.swift in Sources */,
				B0227D9C29BE1A350024F775 /* AppDelegate.swift in Sources */,
				B0227D9E29BE1A350024F775 /* SceneDelegate.swift in Sources */,
				B016B85929DDF304000B657E /* NetworkCheck.swift in Sources */,
				B0488A0F29CA5540007F576C /* Insights.swift in Sources */,
				B0E713C729D461E00084F978 /* Informer.swift in Sources */,
				B0488A0829CA4786007F576C /* Menu.swift in Sources */,
				B079B7B029D5F683007501FE /* UserClient.swift in Sources */,
				B0488A0629CA38F6007F576C /* GeneralComponents.swift in Sources */,
				B0791DED29EDB70900993985 /* Gif.swift in Sources */,
				B0227DB029BE1B330024F775 /* Racing.swift in Sources */,
			);
			runOnlyForDeploymentPostprocessing = 0;
		};
/* End PBXSourcesBuildPhase section */

/* Begin PBXVariantGroup section */
		B0227DA129BE1A350024F775 /* Main.storyboard */ = {
			isa = PBXVariantGroup;
			children = (
				B0227DA229BE1A350024F775 /* Base */,
			);
			name = Main.storyboard;
			sourceTree = "<group>";
		};
		B0227DA629BE1A350024F775 /* LaunchScreen.storyboard */ = {
			isa = PBXVariantGroup;
			children = (
				B0227DA729BE1A350024F775 /* Base */,
			);
			name = LaunchScreen.storyboard;
			sourceTree = "<group>";
		};
/* End PBXVariantGroup section */

/* Begin XCBuildConfiguration section */
		B0227DAA29BE1A350024F775 /* Debug */ = {
			isa = XCBuildConfiguration;
			buildSettings = {
				ALWAYS_SEARCH_USER_PATHS = NO;
				CLANG_ANALYZER_NONNULL = YES;
				CLANG_ANALYZER_NUMBER_OBJECT_CONVERSION = YES_AGGRESSIVE;
				CLANG_CXX_LANGUAGE_STANDARD = "gnu++20";
				CLANG_ENABLE_MODULES = YES;
				CLANG_ENABLE_OBJC_ARC = YES;
				CLANG_ENABLE_OBJC_WEAK = YES;
				CLANG_WARN_BLOCK_CAPTURE_AUTORELEASING = YES;
				CLANG_WARN_BOOL_CONVERSION = YES;
				CLANG_WARN_COMMA = YES;
				CLANG_WARN_CONSTANT_CONVERSION = YES;
				CLANG_WARN_DEPRECATED_OBJC_IMPLEMENTATIONS = YES;
				CLANG_WARN_DIRECT_OBJC_ISA_USAGE = YES_ERROR;
				CLANG_WARN_DOCUMENTATION_COMMENTS = YES;
				CLANG_WARN_EMPTY_BODY = YES;
				CLANG_WARN_ENUM_CONVERSION = YES;
				CLANG_WARN_INFINITE_RECURSION = YES;
				CLANG_WARN_INT_CONVERSION = YES;
				CLANG_WARN_NON_LITERAL_NULL_CONVERSION = YES;
				CLANG_WARN_OBJC_IMPLICIT_RETAIN_SELF = YES;
				CLANG_WARN_OBJC_LITERAL_CONVERSION = YES;
				CLANG_WARN_OBJC_ROOT_CLASS = YES_ERROR;
				CLANG_WARN_QUOTED_INCLUDE_IN_FRAMEWORK_HEADER = YES;
				CLANG_WARN_RANGE_LOOP_ANALYSIS = YES;
				CLANG_WARN_STRICT_PROTOTYPES = YES;
				CLANG_WARN_SUSPICIOUS_MOVE = YES;
				CLANG_WARN_UNGUARDED_AVAILABILITY = YES_AGGRESSIVE;
				CLANG_WARN_UNREACHABLE_CODE = YES;
				CLANG_WARN__DUPLICATE_METHOD_MATCH = YES;
				COPY_PHASE_STRIP = NO;
				DEBUG_INFORMATION_FORMAT = dwarf;
				ENABLE_STRICT_OBJC_MSGSEND = YES;
				ENABLE_TESTABILITY = YES;
				GCC_C_LANGUAGE_STANDARD = gnu11;
				GCC_DYNAMIC_NO_PIC = NO;
				GCC_NO_COMMON_BLOCKS = YES;
				GCC_OPTIMIZATION_LEVEL = 0;
				GCC_PREPROCESSOR_DEFINITIONS = (
					"DEBUG=1",
					"$(inherited)",
				);
				GCC_WARN_64_TO_32_BIT_CONVERSION = YES;
				GCC_WARN_ABOUT_RETURN_TYPE = YES_ERROR;
				GCC_WARN_UNDECLARED_SELECTOR = YES;
				GCC_WARN_UNINITIALIZED_AUTOS = YES_AGGRESSIVE;
				GCC_WARN_UNUSED_FUNCTION = YES;
				GCC_WARN_UNUSED_VARIABLE = YES;
				IPHONEOS_DEPLOYMENT_TARGET = 16.2;
				MTL_ENABLE_DEBUG_INFO = INCLUDE_SOURCE;
				MTL_FAST_MATH = YES;
				ONLY_ACTIVE_ARCH = YES;
				SDKROOT = iphoneos;
				SWIFT_ACTIVE_COMPILATION_CONDITIONS = DEBUG;
				SWIFT_OPTIMIZATION_LEVEL = "-Onone";
			};
			name = Debug;
		};
		B0227DAB29BE1A350024F775 /* Release */ = {
			isa = XCBuildConfiguration;
			buildSettings = {
				ALWAYS_SEARCH_USER_PATHS = NO;
				CLANG_ANALYZER_NONNULL = YES;
				CLANG_ANALYZER_NUMBER_OBJECT_CONVERSION = YES_AGGRESSIVE;
				CLANG_CXX_LANGUAGE_STANDARD = "gnu++20";
				CLANG_ENABLE_MODULES = YES;
				CLANG_ENABLE_OBJC_ARC = YES;
				CLANG_ENABLE_OBJC_WEAK = YES;
				CLANG_WARN_BLOCK_CAPTURE_AUTORELEASING = YES;
				CLANG_WARN_BOOL_CONVERSION = YES;
				CLANG_WARN_COMMA = YES;
				CLANG_WARN_CONSTANT_CONVERSION = YES;
				CLANG_WARN_DEPRECATED_OBJC_IMPLEMENTATIONS = YES;
				CLANG_WARN_DIRECT_OBJC_ISA_USAGE = YES_ERROR;
				CLANG_WARN_DOCUMENTATION_COMMENTS = YES;
				CLANG_WARN_EMPTY_BODY = YES;
				CLANG_WARN_ENUM_CONVERSION = YES;
				CLANG_WARN_INFINITE_RECURSION = YES;
				CLANG_WARN_INT_CONVERSION = YES;
				CLANG_WARN_NON_LITERAL_NULL_CONVERSION = YES;
				CLANG_WARN_OBJC_IMPLICIT_RETAIN_SELF = YES;
				CLANG_WARN_OBJC_LITERAL_CONVERSION = YES;
				CLANG_WARN_OBJC_ROOT_CLASS = YES_ERROR;
				CLANG_WARN_QUOTED_INCLUDE_IN_FRAMEWORK_HEADER = YES;
				CLANG_WARN_RANGE_LOOP_ANALYSIS = YES;
				CLANG_WARN_STRICT_PROTOTYPES = YES;
				CLANG_WARN_SUSPICIOUS_MOVE = YES;
				CLANG_WARN_UNGUARDED_AVAILABILITY = YES_AGGRESSIVE;
				CLANG_WARN_UNREACHABLE_CODE = YES;
				CLANG_WARN__DUPLICATE_METHOD_MATCH = YES;
				COPY_PHASE_STRIP = NO;
				DEBUG_INFORMATION_FORMAT = "dwarf-with-dsym";
				ENABLE_NS_ASSERTIONS = NO;
				ENABLE_STRICT_OBJC_MSGSEND = YES;
				GCC_C_LANGUAGE_STANDARD = gnu11;
				GCC_NO_COMMON_BLOCKS = YES;
				GCC_WARN_64_TO_32_BIT_CONVERSION = YES;
				GCC_WARN_ABOUT_RETURN_TYPE = YES_ERROR;
				GCC_WARN_UNDECLARED_SELECTOR = YES;
				GCC_WARN_UNINITIALIZED_AUTOS = YES_AGGRESSIVE;
				GCC_WARN_UNUSED_FUNCTION = YES;
				GCC_WARN_UNUSED_VARIABLE = YES;
				IPHONEOS_DEPLOYMENT_TARGET = 16.2;
				MTL_ENABLE_DEBUG_INFO = NO;
				MTL_FAST_MATH = YES;
				SDKROOT = iphoneos;
				SWIFT_COMPILATION_MODE = wholemodule;
				SWIFT_OPTIMIZATION_LEVEL = "-O";
				VALIDATE_PRODUCT = YES;
			};
			name = Release;
		};
		B0227DAD29BE1A350024F775 /* Debug */ = {
			isa = XCBuildConfiguration;
			buildSettings = {
				ASSETCATALOG_COMPILER_APPICON_NAME = AppIcon;
				ASSETCATALOG_COMPILER_GLOBAL_ACCENT_COLOR_NAME = AccentColor;
				CODE_SIGN_STYLE = Automatic;
				CURRENT_PROJECT_VERSION = 1;
				DEVELOPMENT_TEAM = 3WBLGY4N68;
				GENERATE_INFOPLIST_FILE = YES;
				INFOPLIST_FILE = "moto-ios/Info.plist";
				INFOPLIST_KEY_UIApplicationSupportsIndirectInputEvents = YES;
				INFOPLIST_KEY_UILaunchStoryboardName = LaunchScreen;
				INFOPLIST_KEY_UIMainStoryboardFile = Main;
				INFOPLIST_KEY_UIRequiresFullScreen = NO;
				INFOPLIST_KEY_UIStatusBarStyle = UIStatusBarStyleDarkContent;
				INFOPLIST_KEY_UISupportedInterfaceOrientations = "UIInterfaceOrientationLandscapeLeft UIInterfaceOrientationLandscapeRight";
				IPHONEOS_DEPLOYMENT_TARGET = 15.2;
				LD_RUNPATH_SEARCH_PATHS = (
					"$(inherited)",
					"@executable_path/Frameworks",
				);
				MARKETING_VERSION = 1.0;
				PRODUCT_BUNDLE_IDENTIFIER = moto.whatbikeswin;
				PRODUCT_NAME = "$(TARGET_NAME)";
				SWIFT_EMIT_LOC_STRINGS = YES;
				SWIFT_VERSION = 5.0;
				TARGETED_DEVICE_FAMILY = "1,2";
			};
			name = Debug;
		};
		B0227DAE29BE1A350024F775 /* Release */ = {
			isa = XCBuildConfiguration;
			buildSettings = {
				ASSETCATALOG_COMPILER_APPICON_NAME = AppIcon;
				ASSETCATALOG_COMPILER_GLOBAL_ACCENT_COLOR_NAME = AccentColor;
				CODE_SIGN_STYLE = Automatic;
				CURRENT_PROJECT_VERSION = 1;
				DEVELOPMENT_TEAM = 3WBLGY4N68;
				GENERATE_INFOPLIST_FILE = YES;
				INFOPLIST_FILE = "moto-ios/Info.plist";
				INFOPLIST_KEY_UIApplicationSupportsIndirectInputEvents = YES;
				INFOPLIST_KEY_UILaunchStoryboardName = LaunchScreen;
				INFOPLIST_KEY_UIMainStoryboardFile = Main;
				INFOPLIST_KEY_UIRequiresFullScreen = NO;
				INFOPLIST_KEY_UIStatusBarStyle = UIStatusBarStyleDarkContent;
				INFOPLIST_KEY_UISupportedInterfaceOrientations = "UIInterfaceOrientationLandscapeLeft UIInterfaceOrientationLandscapeRight";
				IPHONEOS_DEPLOYMENT_TARGET = 15.2;
				LD_RUNPATH_SEARCH_PATHS = (
					"$(inherited)",
					"@executable_path/Frameworks",
				);
				MARKETING_VERSION = 1.0;
				PRODUCT_BUNDLE_IDENTIFIER = moto.whatbikeswin;
				PRODUCT_NAME = "$(TARGET_NAME)";
				SWIFT_EMIT_LOC_STRINGS = YES;
				SWIFT_VERSION = 5.0;
				TARGETED_DEVICE_FAMILY = "1,2";
			};
			name = Release;
		};
/* End XCBuildConfiguration section */

/* Begin XCConfigurationList section */
		B0227D9329BE1A350024F775 /* Build configuration list for PBXProject "WhatBikesWin" */ = {
			isa = XCConfigurationList;
			buildConfigurations = (
				B0227DAA29BE1A350024F775 /* Debug */,
				B0227DAB29BE1A350024F775 /* Release */,
			);
			defaultConfigurationIsVisible = 0;
			defaultConfigurationName = Release;
		};
		B0227DAC29BE1A350024F775 /* Build configuration list for PBXNativeTarget "WhatBikesWin" */ = {
			isa = XCConfigurationList;
			buildConfigurations = (
				B0227DAD29BE1A350024F775 /* Debug */,
				B0227DAE29BE1A350024F775 /* Release */,
			);
			defaultConfigurationIsVisible = 0;
			defaultConfigurationName = Release;
		};
/* End XCConfigurationList section */

/* Begin XCRemoteSwiftPackageReference section */
		B016B85529DDF1F7000B657E /* XCRemoteSwiftPackageReference "Reachability" */ = {
			isa = XCRemoteSwiftPackageReference;
			repositoryURL = "https://github.com/ashleymills/Reachability.swift";
			requirement = {
				branch = master;
				kind = branch;
			};
		};
/* End XCRemoteSwiftPackageReference section */

/* Begin XCSwiftPackageProductDependency section */
		B016B85629DDF1F7000B657E /* Reachability */ = {
			isa = XCSwiftPackageProductDependency;
			package = B016B85529DDF1F7000B657E /* XCRemoteSwiftPackageReference "Reachability" */;
			productName = Reachability;
		};
/* End XCSwiftPackageProductDependency section */
	};
	rootObject = B0227D9029BE1A350024F775 /* Project object */;
}
